
Microsoft Visual Studio Solution File, Format Version 12.00
# Visual Studio Version 16
VisualStudioVersion = 16.0.31321.278
MinimumVisualStudioVersion = 10.0.40219.1
Project("{FAE04EC0-301F-11D3-BF4B-00C04F79EFBC}") = "Consola", "Consola.csproj", "{B7172284-FF31-447C-804C-415924D8264D}"
EndProject
Global
	GlobalSection(SolutionConfigurationPlatforms) = preSolution
		Debug|Any CPU = Debug|Any CPU
		Release|Any CPU = Release|Any CPU
	EndGlobalSection
	GlobalSection(ProjectConfigurationPlatforms) = postSolution
		{B7172284-FF31-447C-804C-415924D8264D}.Debug|Any CPU.ActiveCfg = Debug|Any CPU
		{B7172284-FF31-447C-804C-415924D8264D}.Debug|Any CPU.Build.0 = Debug|Any CPU
		{B7172284-FF31-447C-804C-415924D8264D}.Release|Any CPU.ActiveCfg = Release|Any CPU
		{B7172284-FF31-447C-804C-415924D8264D}.Release|Any CPU.Build.0 = Release|Any CPU
	EndGlobalSection
	GlobalSection(SolutionProperties) = preSolution
		HideSolutionNode = FALSE
	EndGlobalSection
	GlobalSection(ExtensibilityGlobals) = postSolution
		SolutionGuid = {980D4BF0-482C-45CA-AE05-F5ABFB6E9BD7}
	EndGlobalSection
EndGlobal
